
Microsoft Visual Studio Solution File, Format Version 12.00
# Visual Studio 15
VisualStudioVersion = 15.0.27428.2037
MinimumVisualStudioVersion = 10.0.40219.1
Project("{FAE04EC0-301F-11D3-BF4B-00C04F79EFBC}") = "PredicatesKNF", "PredicatesKNF\PredicatesKNF.csproj", "{18FF339A-F746-4860-A5EA-4AA25BD09150}"
EndProject
Global
	GlobalSection(SolutionConfigurationPlatforms) = preSolution
		Debug|Any CPU = Debug|Any CPU
		Release|Any CPU = Release|Any CPU
	EndGlobalSection
	GlobalSection(ProjectConfigurationPlatforms) = postSolution
		{18FF339A-F746-4860-A5EA-4AA25BD09150}.Debug|Any CPU.ActiveCfg = Debug|Any CPU
		{18FF339A-F746-4860-A5EA-4AA25BD09150}.Debug|Any CPU.Build.0 = Debug|Any CPU
		{18FF339A-F746-4860-A5EA-4AA25BD09150}.Release|Any CPU.ActiveCfg = Release|Any CPU
		{18FF339A-F746-4860-A5EA-4AA25BD09150}.Release|Any CPU.Build.0 = Release|Any CPU
	EndGlobalSection
	GlobalSection(SolutionProperties) = preSolution
		HideSolutionNode = FALSE
	EndGlobalSection
	GlobalSection(ExtensibilityGlobals) = postSolution
		SolutionGuid = {192D0FA4-FF4A-4E09-A911-60A3C0ECFFBA}
	EndGlobalSection
EndGlobal
